{
  "source": "github.com/modeled-information-format/MIF",
  "ref": "develop/v1.0.0",
  "commit": "065988a35659055cf180d668226849a641a0767a",
  "note": "Vendored verbatim; consumer-only. CI vendor-check fails if any file drifts from sha256.",
  "files": [
    {
      "path": ".github/mif/schema/mif.schema.json",
      "upstream": "schema/mif.schema.json",
      "sha256": "06d05ac1184ee5cc9c138ff0e6cc18aab4166938cfb773907a5421a51b3866c8",
      "verbatim": true
    },
    {
      "path": ".github/mif/schema/definitions/entity-reference.schema.json",
      "upstream": "schema/definitions/entity-reference.schema.json",
      "sha256": "59906a7fde4268153d4ad45a2f0bf311e66a246f3eb19053b03fdd07b854400f",
      "verbatim": true
    },
    {
      "path": ".github/mif/schema/citation.schema.json",
      "upstream": "schema/citation.schema.json",
      "sha256": "00045d8041489ce2634b1951c1c2358ace6f802b7e6675940b9d8a2113474bf0",
      "verbatim": true
    },
    {
      "path": ".github/mif/schema/context.jsonld",
      "upstream": "schema/context.jsonld",
      "sha256": "9f885015b0094f42b31a4ba56023cb217cd83b2bf0c057f10e015769a772959a",
      "verbatim": true
    },
    {
      "path": ".github/mif/schema/ontology/ontology.schema.json",
      "upstream": "schema/ontology/ontology.schema.json",
      "sha256": "b2f5e492381f62c1c14d06fb0e20a2978bc7c20b162dda86dbabde0c6b717bd5",
      "verbatim": true
    },
    {
      "path": ".github/mif/schema/ontology/ontology.context.jsonld",
      "upstream": "schema/ontology/ontology.context.jsonld",
      "sha256": "deb08ececc4c52f49247bf6916c1cc12d34c256780debfb22386f18bbe134155",
      "verbatim": true
    }
  ]
}